github.com/go-netty/go-netty v1.6.5 h1:rsWGeMQU4ihTCyHjWgjsK2yGypiuf/wUNBLmXY8UAgI=
github.com/go-netty/go-netty v1.6.5/go.mod h1:vSbL7RzFTO5bHXhxzZsAW0iStVz1qnenR90UVF6e1HA=
github.com/go-netty/go-netty-transport v1.7.10 h1:1/gXVHLPiqaVaCN2RxPb61ulIy8ktOKkNlwjZCIxxN0=
github.com/go-netty/go-netty-transport v1.7.10/go.mod h1:BOR2dG1bJxA8jYjIg4rWX2xEhWWr7Z6wa82umCT56QA=
github.com/gobwas/httphead v0.1.0 h1:exrUm0f4YX0L7EBwZHuCF4GDp8aJfVeBrlLQrs6NqWU=
github.com/gobwas/httphead v0.1.0/go.mod h1:O/RXo79gxV8G+RqlR/otEwx4Q36zl9rqC5u12GKvMCM=
github.com/gobwas/pool v0.2.1 h1:xfeeEhW7pwmX8nuLVlqbzVc7udMDrwetjEv+TZIz1og=
github.com/gobwas/pool v0.2.1/go.mod h1:q8bcK0KcYlCgd9e7WYLm9LpyS+YeLd8JVDW6WezmKEw=
github.com/gobwas/ws v1.3.2 h1:zlnbNHxumkRvfPWgfXu8RBwyNR1x8wh9cf5PTOCqs9Q=
github.com/gobwas/ws v1.3.2/go.mod h1:hRKAFb8wOxFROYNsT1bqfWnhX+b5MFeJM9r2ZSwg/KY=
golang.org/x/sys v0.6.0/go.mod h1:oPkhp1MJrh7nUepCBck5+mAzfO9JrbApNNgaTdGDITg=
golang.org/x/sys v0.18.0 h1:DBdB3niSjOA/O0blCZBqDefyWNYveAYMNF1Wum0DYQ4=
golang.org/x/sys v0.18.0/go.mod h1:/VUhepiaJMQUp4+oa/7Zr1D23ma6VTLIYjOOTFZPUcA=
