github.com/go-netty/go-netty v1.6.4 h1:ZTGdOC0HFkd98Pq4CQG8YIfFXvWxzebVzetjtzn7rb0=
github.com/go-netty/go-netty v1.6.4/go.mod h1:vSbL7RzFTO5bHXhxzZsAW0iStVz1qnenR90UVF6e1HA=
github.com/go-netty/go-netty-transport v1.7.9 h1:vmty+sIL6bWTdEgQ+Uf92ao2jXQcJcoQtJx3NtHMwvU=
github.com/go-netty/go-netty-transport v1.7.9/go.mod h1:UCaf1XZJmHclwhtGleouIfykoMAHIDCTx7K7MoEAXDw=
github.com/gobwas/httphead v0.1.0 h1:exrUm0f4YX0L7EBwZHuCF4GDp8aJfVeBrlLQrs6NqWU=
github.com/gobwas/httphead v0.1.0/go.mod h1:O/RXo79gxV8G+RqlR/otEwx4Q36zl9rqC5u12GKvMCM=
github.com/gobwas/pool v0.2.1 h1:xfeeEhW7pwmX8nuLVlqbzVc7udMDrwetjEv+TZIz1og=
github.com/gobwas/pool v0.2.1/go.mod h1:q8bcK0KcYlCgd9e7WYLm9LpyS+YeLd8JVDW6WezmKEw=
github.com/gobwas/ws v1.3.2 h1:zlnbNHxumkRvfPWgfXu8RBwyNR1x8wh9cf5PTOCqs9Q=
github.com/gobwas/ws v1.3.2/go.mod h1:hRKAFb8wOxFROYNsT1bqfWnhX+b5MFeJM9r2ZSwg/KY=
golang.org/x/sys v0.6.0/go.mod h1:oPkhp1MJrh7nUepCBck5+mAzfO9JrbApNNgaTdGDITg=
golang.org/x/sys v0.15.0 h1:h48lPFYpsTvQJZF4EKyI4aLHaev3CxivZmv7yZig9pc=
golang.org/x/sys v0.15.0/go.mod h1:/VUhepiaJMQUp4+oa/7Zr1D23ma6VTLIYjOOTFZPUcA=
